
Microsoft Visual Studio Solution File, Format Version 12.00
# Visual Studio Version 17
VisualStudioVersion = 17.1.32210.238
MinimumVisualStudioVersion = 10.0.40219.1
Project("{8BC9CEB8-8B4A-11D0-8D11-00A0C91BC942}") = "打印沙漏", "打印沙漏\打印沙漏.vcxproj", "{9C3F1039-569E-4B1B-86B4-1413B38F2C10}"
EndProject
Project("{8BC9CEB8-8B4A-11D0-8D11-00A0C91BC942}") = "素数对猜想", "素数对猜想\素数对猜想.vcxproj", "{30275428-4F6D-463C-99DE-8733175E93B2}"
EndProject
Project("{8BC9CEB8-8B4A-11D0-8D11-00A0C91BC942}") = "数组元素循环右移问题", "数组元素循环右移问题\数组元素循环右移问题.vcxproj", "{BA3768A6-0964-4B6C-9B5C-B884986247AB}"
EndProject
Project("{8BC9CEB8-8B4A-11D0-8D11-00A0C91BC942}") = "Have Fun with Numbers", "Have Fun with Numbers\Have Fun with Numbers.vcxproj", "{C26D4FC8-8E3E-4167-899B-10C01FA65D54}"
EndProject
Project("{8BC9CEB8-8B4A-11D0-8D11-00A0C91BC942}") = "Shuffling Machine", "Shuffling Machine\Shuffling Machine.vcxproj", "{B7FACDA2-274F-465F-A9CC-D122FE1BCD4B}"
EndProject
Project("{8BC9CEB8-8B4A-11D0-8D11-00A0C91BC942}") = "二叉搜索树每层结点", "二叉搜索树每层结点\二叉搜索树每层结点.vcxproj", "{AD09CD63-96F8-496D-9002-94D1FE9E1C84}"
EndProject
Project("{8BC9CEB8-8B4A-11D0-8D11-00A0C91BC942}") = "bth之上山下山", "bth之上山下山\bth之上山下山.vcxproj", "{F3D00E42-0342-4E90-ADA3-D68EB1973494}"
EndProject
Project("{8BC9CEB8-8B4A-11D0-8D11-00A0C91BC942}") = "程序运行时间", "程序运行时间\程序运行时间.vcxproj", "{A0953DC8-C224-4435-BEBC-290C1051F104}"
EndProject
Project("{8BC9CEB8-8B4A-11D0-8D11-00A0C91BC942}") = "maomeng 送外卖", "maomeng 送外卖\maomeng 送外卖.vcxproj", "{A2D942A1-97F4-4747-A61B-EDC1AE5AF7BC}"
EndProject
Project("{8BC9CEB8-8B4A-11D0-8D11-00A0C91BC942}") = "查验身份证", "查验身份证\查验身份证.vcxproj", "{BD758619-9A2B-4ADE-A947-121FB672F7A7}"
EndProject
Project("{8BC9CEB8-8B4A-11D0-8D11-00A0C91BC942}") = "简单21点游戏", "简单21点游戏\简单21点游戏.vcxproj", "{6A024513-C676-42EA-B19C-AF976D4AEAF0}"
EndProject
Project("{8BC9CEB8-8B4A-11D0-8D11-00A0C91BC942}") = "查询数据", "查询数据\查询数据.vcxproj", "{2A132F0E-B001-4BCC-8096-1D3121AD064F}"
EndProject
Project("{8BC9CEB8-8B4A-11D0-8D11-00A0C91BC942}") = "德才论", "德才论\德才论.vcxproj", "{1B21A2E5-7403-450C-ABE0-C4BCE7A995A9}"
EndProject
Project("{8BC9CEB8-8B4A-11D0-8D11-00A0C91BC942}") = "通讯网络", "通讯网络\通讯网络.vcxproj", "{4AB5AC78-A55D-40DC-8DF3-952E5DD35F66}"
EndProject
Project("{8BC9CEB8-8B4A-11D0-8D11-00A0C91BC942}") = "拯救007", "拯救007\拯救007.vcxproj", "{B3684EEA-CABC-4A89-A67D-B9100451946E}"
EndProject
Project("{8BC9CEB8-8B4A-11D0-8D11-00A0C91BC942}") = "改变数字", "改变数字\改变数字.vcxproj", "{6BC89E7B-60F5-45EE-BE81-D614FAFEA163}"
EndProject
Project("{8BC9CEB8-8B4A-11D0-8D11-00A0C91BC942}") = "数据结构-表达式转换II", "数据结构-表达式转换II\数据结构-表达式转换II.vcxproj", "{62258BA4-3C03-41D4-A25F-E4D7BCA9DCFC}"
EndProject
Project("{8BC9CEB8-8B4A-11D0-8D11-00A0C91BC942}") = "一元多项式的乘法与加法运算", "一元多项式的乘法与加法运算\一元多项式的乘法与加法运算.vcxproj", "{10FA87F5-8107-4639-819E-D45740DEE010}"
EndProject
Project("{8BC9CEB8-8B4A-11D0-8D11-00A0C91BC942}") = "树的同构", "树的同构\树的同构.vcxproj", "{BE17E039-E616-4CA8-9724-A956CED5C320}"
EndProject
Project("{8BC9CEB8-8B4A-11D0-8D11-00A0C91BC942}") = "是否同一棵二叉搜索树", "是否同一棵二叉搜索树\是否同一棵二叉搜索树.vcxproj", "{9B937D9B-404C-4FFE-BDD4-CAC1A2750AE6}"
EndProject
Project("{8BC9CEB8-8B4A-11D0-8D11-00A0C91BC942}") = "一元多项式求导", "一元多项式求导\一元多项式求导.vcxproj", "{08166957-B79D-4CEA-B2B8-8C3FC19AAEE3}"
EndProject
Project("{8BC9CEB8-8B4A-11D0-8D11-00A0C91BC942}") = "还原二叉树", "还原二叉树\还原二叉树.vcxproj", "{6043157A-774F-4A4E-BF38-4141C7DCB69A}"
EndProject
Project("{8BC9CEB8-8B4A-11D0-8D11-00A0C91BC942}") = "堆中的路径", "堆中的路径\堆中的路径.vcxproj", "{1A535168-0790-4167-8C12-11BAA0DE759C}"
EndProject
Project("{8BC9CEB8-8B4A-11D0-8D11-00A0C91BC942}") = "列出连通集", "列出连通集\列出连通集.vcxproj", "{42E672D6-E22E-43C1-BFEC-3E496AF28414}"
EndProject
Project("{8BC9CEB8-8B4A-11D0-8D11-00A0C91BC942}") = "表达式转换", "表达式转换\表达式转换.vcxproj", "{302E6A2C-5653-4E84-8D3E-008470038A5E}"
EndProject
Project("{8BC9CEB8-8B4A-11D0-8D11-00A0C91BC942}") = "六度空间", "六度空间\六度空间.vcxproj", "{4661C354-8A9C-4257-B7B3-773D390F3FB7}"
EndProject
Project("{8BC9CEB8-8B4A-11D0-8D11-00A0C91BC942}") = "合并排序1.0", "合并排序\合并排序.vcxproj", "{14AAE4F2-E9D8-4A10-A0E9-0BD13DBCDD2A}"
EndProject
Project("{8BC9CEB8-8B4A-11D0-8D11-00A0C91BC942}") = "合并排序2.0", "合并排序2.0\合并排序2.0.vcxproj", "{5B4B03C5-2E50-4A1B-A2FD-FAA3C0AC0EF9}"
EndProject
Project("{8BC9CEB8-8B4A-11D0-8D11-00A0C91BC942}") = "合并排序1.1", "合并排序1.1\合并排序1.1.vcxproj", "{A18130B3-7BF9-4E6E-AD76-1BE9F70ADD16}"
EndProject
Project("{8BC9CEB8-8B4A-11D0-8D11-00A0C91BC942}") = "合并排序3.0", "合并排序3.0\合并排序3.0.vcxproj", "{3EF3044F-337A-476B-B242-6571575F8909}"
EndProject
Project("{8BC9CEB8-8B4A-11D0-8D11-00A0C91BC942}") = "两个有序序列的中位数", "两个有序序列的中位数\两个有序序列的中位数.vcxproj", "{55B8F9A6-C01C-4461-AD20-FE7870D1115B}"
EndProject
Project("{8BC9CEB8-8B4A-11D0-8D11-00A0C91BC942}") = "银行业务队列简单模拟", "银行业务队列简单模拟\银行业务队列简单模拟.vcxproj", "{93D33E5F-342D-48E3-8203-BD17789819BC}"
EndProject
Project("{8BC9CEB8-8B4A-11D0-8D11-00A0C91BC942}") = "两个有序链表序列的交集", "两个有序链表序列的交集\两个有序链表序列的交集.vcxproj", "{E0F37DD1-BB0F-42F4-9838-91D3EFFFAF42}"
EndProject
Project("{8BC9CEB8-8B4A-11D0-8D11-00A0C91BC942}") = "两个有序链表序列的合并", "两个有序链表序列的合并\两个有序链表序列的合并.vcxproj", "{A64CD8E9-4639-421A-8551-346AA914E0E5}"
EndProject
Project("{8BC9CEB8-8B4A-11D0-8D11-00A0C91BC942}") = "打印选课学生名单", "打印选课学生名单\打印选课学生名单.vcxproj", "{66F25E81-BBCA-40A5-95A7-CDEFB5E8ED14}"
EndProject
Project("{8BC9CEB8-8B4A-11D0-8D11-00A0C91BC942}") = "航空公司VIP客户查询", "航空公司VIP客户查询\航空公司VIP客户查询.vcxproj", "{370AE012-51BD-4DF9-BD06-58D86F217EDF}"
EndProject
Project("{8BC9CEB8-8B4A-11D0-8D11-00A0C91BC942}") = "字符串关键字的散列映射", "字符串关键字的散列映射\字符串关键字的散列映射.vcxproj", "{9923535D-176A-4FA9-86EB-4FA8FFF70C54}"
EndProject
Project("{8BC9CEB8-8B4A-11D0-8D11-00A0C91BC942}") = "整型关键字的散列映射", "整型关键字的散列映射\整型关键字的散列映射.vcxproj", "{4C35AEDE-850E-45E7-A5DB-6DDA0B045231}"
EndProject
Project("{8BC9CEB8-8B4A-11D0-8D11-00A0C91BC942}") = "PAT排名汇总", "PAT排名汇总\PAT排名汇总.vcxproj", "{52044E8D-DF7A-4107-9AB9-181F8C76FEF8}"
EndProject
Project("{8BC9CEB8-8B4A-11D0-8D11-00A0C91BC942}") = "奥运排行榜", "奥运排行榜\奥运排行榜.vcxproj", "{9AAE9904-80B3-4FC7-A2D4-E96F8A2F122E}"
EndProject
Project("{8BC9CEB8-8B4A-11D0-8D11-00A0C91BC942}") = "寻找大富翁", "寻找大富翁\寻找大富翁.vcxproj", "{8F499D26-96E3-4384-A003-D0C78A4D9B12}"
EndProject
Project("{8BC9CEB8-8B4A-11D0-8D11-00A0C91BC942}") = "模拟EXCEL排序", "模拟EXCEL排序\模拟EXCEL排序.vcxproj", "{384F2F25-0D9D-450A-A6B3-A010956C37FE}"
EndProject
Project("{8BC9CEB8-8B4A-11D0-8D11-00A0C91BC942}") = "城市间紧急救援", "城市间紧急救援\城市间紧急救援.vcxproj", "{5182D32D-DEC9-459B-BF81-6F58CF0C25E7}"
EndProject
Project("{8BC9CEB8-8B4A-11D0-8D11-00A0C91BC942}") = "任务调度的合理性", "任务调度的合理性\任务调度的合理性.vcxproj", "{DE5F199A-73B8-44E7-9C7D-4CD1EACB4E41}"
EndProject
Project("{8BC9CEB8-8B4A-11D0-8D11-00A0C91BC942}") = "地下迷宫探索", "地下迷宫探索\地下迷宫探索.vcxproj", "{89515AC4-D60F-497B-889F-5ABB43BBC982}"
EndProject
Project("{8BC9CEB8-8B4A-11D0-8D11-00A0C91BC942}") = "哥尼斯堡的“七桥问题”", "哥尼斯堡的“七桥问题”\哥尼斯堡的“七桥问题”.vcxproj", "{E0C2FA9C-044C-4EB3-BAFF-7FD68EE6D0D2}"
EndProject
Project("{8BC9CEB8-8B4A-11D0-8D11-00A0C91BC942}") = "笛卡尔树", "笛卡尔树\笛卡尔树.vcxproj", "{EB98BF59-61C9-482C-B973-160398BE6FB9}"
EndProject
Project("{8BC9CEB8-8B4A-11D0-8D11-00A0C91BC942}") = "修理牧场", "修理牧场\修理牧场.vcxproj", "{E5A358DC-D728-49B6-A1D5-1ABC6296DF4C}"
EndProject
Project("{8BC9CEB8-8B4A-11D0-8D11-00A0C91BC942}") = "搜索树判断", "搜索树判断\搜索树判断.vcxproj", "{94052548-62DE-4000-B65E-475D5D4E35C4}"
EndProject
Project("{8BC9CEB8-8B4A-11D0-8D11-00A0C91BC942}") = "Windows消息队列", "Windows消息队列\Windows消息队列.vcxproj", "{D224297B-4F4F-4330-81ED-903539A8E9E5}"
EndProject
Project("{8BC9CEB8-8B4A-11D0-8D11-00A0C91BC942}") = "朋友圈", "朋友圈\朋友圈.vcxproj", "{E11E8572-2022-4351-A56C-AF224A2306E6}"
EndProject
Project("{8BC9CEB8-8B4A-11D0-8D11-00A0C91BC942}") = "树种统计", "树种统计\树种统计.vcxproj", "{9651B03E-8A7D-42AE-A12F-2F301CAFE277}"
EndProject
Project("{8BC9CEB8-8B4A-11D0-8D11-00A0C91BC942}") = "堆栈模拟队列", "堆栈模拟队列\堆栈模拟队列.vcxproj", "{CC02E2E6-3DF3-4012-BCF5-5F1BC22EEE93}"
EndProject
Project("{8BC9CEB8-8B4A-11D0-8D11-00A0C91BC942}") = "求前缀表达式的值", "求前缀表达式的值\求前缀表达式的值.vcxproj", "{E79D45F4-08DA-479D-944E-C1C9FED95CEC}"
EndProject
Project("{8BC9CEB8-8B4A-11D0-8D11-00A0C91BC942}") = "求链式线性表的倒数第K项", "求链式线性表的倒数第K项\求链式线性表的倒数第K项.vcxproj", "{B5AC069F-8F64-4C49-A4AE-FD6FF3D39A7D}"
EndProject
Project("{8BC9CEB8-8B4A-11D0-8D11-00A0C91BC942}") = "汉诺塔的非递归实现", "汉诺塔的非递归实现\汉诺塔的非递归实现.vcxproj", "{64C36F71-3D57-4ACB-A43E-23BFFBA6C67E}"
EndProject
Project("{8BC9CEB8-8B4A-11D0-8D11-00A0C91BC942}") = "QQ帐户的申请与登陆", "QQ帐户的申请与登陆\QQ帐户的申请与登陆.vcxproj", "{1E900B31-32E1-43FC-899C-93EC6AEC3F54}"
EndProject
Project("{8BC9CEB8-8B4A-11D0-8D11-00A0C91BC942}") = "电话聊天狂人", "电话聊天狂人\电话聊天狂人.vcxproj", "{043F5F65-F2F2-47E1-9D18-B20E5BACDDCE}"
EndProject
Project("{8BC9CEB8-8B4A-11D0-8D11-00A0C91BC942}") = "统计工龄", "统计工龄\统计工龄.vcxproj", "{9A71476A-5A30-4FE9-B9A8-17EF488CF4A1}"
EndProject
Project("{8BC9CEB8-8B4A-11D0-8D11-00A0C91BC942}") = "排序", "排序\排序.vcxproj", "{83B13122-A2DA-4017-8428-E5A568D2C25A}"
EndProject
Project("{8BC9CEB8-8B4A-11D0-8D11-00A0C91BC942}") = "公路村村通", "公路村村通\公路村村通.vcxproj", "{5B336957-5994-48B4-A8FD-C9482DAA5AE4}"
EndProject
Project("{8BC9CEB8-8B4A-11D0-8D11-00A0C91BC942}") = "旅游规划", "旅游规划\旅游规划.vcxproj", "{33AF8A45-5192-46F6-BE66-146936787A9F}"
EndProject
Project("{8BC9CEB8-8B4A-11D0-8D11-00A0C91BC942}") = "哈利·波特的考试", "哈利·波特的考试\哈利·波特的考试.vcxproj", "{256AE197-462C-40DB-A265-C9E71CCC1B3B}"
EndProject
Project("{8BC9CEB8-8B4A-11D0-8D11-00A0C91BC942}") = "最大子列和问题", "最大子列和问题\最大子列和问题.vcxproj", "{CA21A6EA-D19D-489B-AB2F-706AE1742C9B}"
EndProject
Project("{8BC9CEB8-8B4A-11D0-8D11-00A0C91BC942}") = "打印学生选课清单", "打印学生选课清单\打印学生选课清单.vcxproj", "{E28D2E60-9582-4884-881D-6CF31BF50CC3}"
EndProject
Global
	GlobalSection(SolutionConfigurationPlatforms) = preSolution
		Debug|x64 = Debug|x64
		Debug|x86 = Debug|x86
		Release|x64 = Release|x64
		Release|x86 = Release|x86
	EndGlobalSection
	GlobalSection(ProjectConfigurationPlatforms) = postSolution
		{9C3F1039-569E-4B1B-86B4-1413B38F2C10}.Debug|x64.ActiveCfg = Debug|x64
		{9C3F1039-569E-4B1B-86B4-1413B38F2C10}.Debug|x64.Build.0 = Debug|x64
		{9C3F1039-569E-4B1B-86B4-1413B38F2C10}.Debug|x86.ActiveCfg = Debug|Win32
		{9C3F1039-569E-4B1B-86B4-1413B38F2C10}.Debug|x86.Build.0 = Debug|Win32
		{9C3F1039-569E-4B1B-86B4-1413B38F2C10}.Release|x64.ActiveCfg = Release|x64
		{9C3F1039-569E-4B1B-86B4-1413B38F2C10}.Release|x64.Build.0 = Release|x64
		{9C3F1039-569E-4B1B-86B4-1413B38F2C10}.Release|x86.ActiveCfg = Release|Win32
		{9C3F1039-569E-4B1B-86B4-1413B38F2C10}.Release|x86.Build.0 = Release|Win32
		{30275428-4F6D-463C-99DE-8733175E93B2}.Debug|x64.ActiveCfg = Debug|x64
		{30275428-4F6D-463C-99DE-8733175E93B2}.Debug|x64.Build.0 = Debug|x64
		{30275428-4F6D-463C-99DE-8733175E93B2}.Debug|x86.ActiveCfg = Debug|Win32
		{30275428-4F6D-463C-99DE-8733175E93B2}.Debug|x86.Build.0 = Debug|Win32
		{30275428-4F6D-463C-99DE-8733175E93B2}.Release|x64.ActiveCfg = Release|x64
		{30275428-4F6D-463C-99DE-8733175E93B2}.Release|x64.Build.0 = Release|x64
		{30275428-4F6D-463C-99DE-8733175E93B2}.Release|x86.ActiveCfg = Release|Win32
		{30275428-4F6D-463C-99DE-8733175E93B2}.Release|x86.Build.0 = Release|Win32
		{BA3768A6-0964-4B6C-9B5C-B884986247AB}.Debug|x64.ActiveCfg = Debug|x64
		{BA3768A6-0964-4B6C-9B5C-B884986247AB}.Debug|x64.Build.0 = Debug|x64
		{BA3768A6-0964-4B6C-9B5C-B884986247AB}.Debug|x86.ActiveCfg = Debug|Win32
		{BA3768A6-0964-4B6C-9B5C-B884986247AB}.Debug|x86.Build.0 = Debug|Win32
		{BA3768A6-0964-4B6C-9B5C-B884986247AB}.Release|x64.ActiveCfg = Release|x64
		{BA3768A6-0964-4B6C-9B5C-B884986247AB}.Release|x64.Build.0 = Release|x64
		{BA3768A6-0964-4B6C-9B5C-B884986247AB}.Release|x86.ActiveCfg = Release|Win32
		{BA3768A6-0964-4B6C-9B5C-B884986247AB}.Release|x86.Build.0 = Release|Win32
		{C26D4FC8-8E3E-4167-899B-10C01FA65D54}.Debug|x64.ActiveCfg = Debug|x64
		{C26D4FC8-8E3E-4167-899B-10C01FA65D54}.Debug|x64.Build.0 = Debug|x64
		{C26D4FC8-8E3E-4167-899B-10C01FA65D54}.Debug|x86.ActiveCfg = Debug|Win32
		{C26D4FC8-8E3E-4167-899B-10C01FA65D54}.Debug|x86.Build.0 = Debug|Win32
		{C26D4FC8-8E3E-4167-899B-10C01FA65D54}.Release|x64.ActiveCfg = Release|x64
		{C26D4FC8-8E3E-4167-899B-10C01FA65D54}.Release|x64.Build.0 = Release|x64
		{C26D4FC8-8E3E-4167-899B-10C01FA65D54}.Release|x86.ActiveCfg = Release|Win32
		{C26D4FC8-8E3E-4167-899B-10C01FA65D54}.Release|x86.Build.0 = Release|Win32
		{B7FACDA2-274F-465F-A9CC-D122FE1BCD4B}.Debug|x64.ActiveCfg = Debug|x64
		{B7FACDA2-274F-465F-A9CC-D122FE1BCD4B}.Debug|x64.Build.0 = Debug|x64
		{B7FACDA2-274F-465F-A9CC-D122FE1BCD4B}.Debug|x86.ActiveCfg = Debug|Win32
		{B7FACDA2-274F-465F-A9CC-D122FE1BCD4B}.Debug|x86.Build.0 = Debug|Win32
		{B7FACDA2-274F-465F-A9CC-D122FE1BCD4B}.Release|x64.ActiveCfg = Release|x64
		{B7FACDA2-274F-465F-A9CC-D122FE1BCD4B}.Release|x64.Build.0 = Release|x64
		{B7FACDA2-274F-465F-A9CC-D122FE1BCD4B}.Release|x86.ActiveCfg = Release|Win32
		{B7FACDA2-274F-465F-A9CC-D122FE1BCD4B}.Release|x86.Build.0 = Release|Win32
		{AD09CD63-96F8-496D-9002-94D1FE9E1C84}.Debug|x64.ActiveCfg = Debug|x64
		{AD09CD63-96F8-496D-9002-94D1FE9E1C84}.Debug|x64.Build.0 = Debug|x64
		{AD09CD63-96F8-496D-9002-94D1FE9E1C84}.Debug|x86.ActiveCfg = Debug|Win32
		{AD09CD63-96F8-496D-9002-94D1FE9E1C84}.Debug|x86.Build.0 = Debug|Win32
		{AD09CD63-96F8-496D-9002-94D1FE9E1C84}.Release|x64.ActiveCfg = Release|x64
		{AD09CD63-96F8-496D-9002-94D1FE9E1C84}.Release|x64.Build.0 = Release|x64
		{AD09CD63-96F8-496D-9002-94D1FE9E1C84}.Release|x86.ActiveCfg = Release|Win32
		{AD09CD63-96F8-496D-9002-94D1FE9E1C84}.Release|x86.Build.0 = Release|Win32
		{F3D00E42-0342-4E90-ADA3-D68EB1973494}.Debug|x64.ActiveCfg = Debug|x64
		{F3D00E42-0342-4E90-ADA3-D68EB1973494}.Debug|x64.Build.0 = Debug|x64
		{F3D00E42-0342-4E90-ADA3-D68EB1973494}.Debug|x86.ActiveCfg = Debug|Win32
		{F3D00E42-0342-4E90-ADA3-D68EB1973494}.Debug|x86.Build.0 = Debug|Win32
		{F3D00E42-0342-4E90-ADA3-D68EB1973494}.Release|x64.ActiveCfg = Release|x64
		{F3D00E42-0342-4E90-ADA3-D68EB1973494}.Release|x64.Build.0 = Release|x64
		{F3D00E42-0342-4E90-ADA3-D68EB1973494}.Release|x86.ActiveCfg = Release|Win32
		{F3D00E42-0342-4E90-ADA3-D68EB1973494}.Release|x86.Build.0 = Release|Win32
		{A0953DC8-C224-4435-BEBC-290C1051F104}.Debug|x64.ActiveCfg = Debug|x64
		{A0953DC8-C224-4435-BEBC-290C1051F104}.Debug|x64.Build.0 = Debug|x64
		{A0953DC8-C224-4435-BEBC-290C1051F104}.Debug|x86.ActiveCfg = Debug|Win32
		{A0953DC8-C224-4435-BEBC-290C1051F104}.Debug|x86.Build.0 = Debug|Win32
		{A0953DC8-C224-4435-BEBC-290C1051F104}.Release|x64.ActiveCfg = Release|x64
		{A0953DC8-C224-4435-BEBC-290C1051F104}.Release|x64.Build.0 = Release|x64
		{A0953DC8-C224-4435-BEBC-290C1051F104}.Release|x86.ActiveCfg = Release|Win32
		{A0953DC8-C224-4435-BEBC-290C1051F104}.Release|x86.Build.0 = Release|Win32
		{A2D942A1-97F4-4747-A61B-EDC1AE5AF7BC}.Debug|x64.ActiveCfg = Debug|x64
		{A2D942A1-97F4-4747-A61B-EDC1AE5AF7BC}.Debug|x64.Build.0 = Debug|x64
		{A2D942A1-97F4-4747-A61B-EDC1AE5AF7BC}.Debug|x86.ActiveCfg = Debug|Win32
		{A2D942A1-97F4-4747-A61B-EDC1AE5AF7BC}.Debug|x86.Build.0 = Debug|Win32
		{A2D942A1-97F4-4747-A61B-EDC1AE5AF7BC}.Release|x64.ActiveCfg = Release|x64
		{A2D942A1-97F4-4747-A61B-EDC1AE5AF7BC}.Release|x64.Build.0 = Release|x64
		{A2D942A1-97F4-4747-A61B-EDC1AE5AF7BC}.Release|x86.ActiveCfg = Release|Win32
		{A2D942A1-97F4-4747-A61B-EDC1AE5AF7BC}.Release|x86.Build.0 = Release|Win32
		{BD758619-9A2B-4ADE-A947-121FB672F7A7}.Debug|x64.ActiveCfg = Debug|x64
		{BD758619-9A2B-4ADE-A947-121FB672F7A7}.Debug|x64.Build.0 = Debug|x64
		{BD758619-9A2B-4ADE-A947-121FB672F7A7}.Debug|x86.ActiveCfg = Debug|Win32
		{BD758619-9A2B-4ADE-A947-121FB672F7A7}.Debug|x86.Build.0 = Debug|Win32
		{BD758619-9A2B-4ADE-A947-121FB672F7A7}.Release|x64.ActiveCfg = Release|x64
		{BD758619-9A2B-4ADE-A947-121FB672F7A7}.Release|x64.Build.0 = Release|x64
		{BD758619-9A2B-4ADE-A947-121FB672F7A7}.Release|x86.ActiveCfg = Release|Win32
		{BD758619-9A2B-4ADE-A947-121FB672F7A7}.Release|x86.Build.0 = Release|Win32
		{6A024513-C676-42EA-B19C-AF976D4AEAF0}.Debug|x64.ActiveCfg = Debug|x64
		{6A024513-C676-42EA-B19C-AF976D4AEAF0}.Debug|x64.Build.0 = Debug|x64
		{6A024513-C676-42EA-B19C-AF976D4AEAF0}.Debug|x86.ActiveCfg = Debug|Win32
		{6A024513-C676-42EA-B19C-AF976D4AEAF0}.Debug|x86.Build.0 = Debug|Win32
		{6A024513-C676-42EA-B19C-AF976D4AEAF0}.Release|x64.ActiveCfg = Release|x64
		{6A024513-C676-42EA-B19C-AF976D4AEAF0}.Release|x64.Build.0 = Release|x64
		{6A024513-C676-42EA-B19C-AF976D4AEAF0}.Release|x86.ActiveCfg = Release|Win32
		{6A024513-C676-42EA-B19C-AF976D4AEAF0}.Release|x86.Build.0 = Release|Win32
		{2A132F0E-B001-4BCC-8096-1D3121AD064F}.Debug|x64.ActiveCfg = Debug|x64
		{2A132F0E-B001-4BCC-8096-1D3121AD064F}.Debug|x64.Build.0 = Debug|x64
		{2A132F0E-B001-4BCC-8096-1D3121AD064F}.Debug|x86.ActiveCfg = Debug|Win32
		{2A132F0E-B001-4BCC-8096-1D3121AD064F}.Debug|x86.Build.0 = Debug|Win32
		{2A132F0E-B001-4BCC-8096-1D3121AD064F}.Release|x64.ActiveCfg = Release|x64
		{2A132F0E-B001-4BCC-8096-1D3121AD064F}.Release|x64.Build.0 = Release|x64
		{2A132F0E-B001-4BCC-8096-1D3121AD064F}.Release|x86.ActiveCfg = Release|Win32
		{2A132F0E-B001-4BCC-8096-1D3121AD064F}.Release|x86.Build.0 = Release|Win32
		{1B21A2E5-7403-450C-ABE0-C4BCE7A995A9}.Debug|x64.ActiveCfg = Debug|x64
		{1B21A2E5-7403-450C-ABE0-C4BCE7A995A9}.Debug|x64.Build.0 = Debug|x64
		{1B21A2E5-7403-450C-ABE0-C4BCE7A995A9}.Debug|x86.ActiveCfg = Debug|Win32
		{1B21A2E5-7403-450C-ABE0-C4BCE7A995A9}.Debug|x86.Build.0 = Debug|Win32
		{1B21A2E5-7403-450C-ABE0-C4BCE7A995A9}.Release|x64.ActiveCfg = Release|x64
		{1B21A2E5-7403-450C-ABE0-C4BCE7A995A9}.Release|x64.Build.0 = Release|x64
		{1B21A2E5-7403-450C-ABE0-C4BCE7A995A9}.Release|x86.ActiveCfg = Release|Win32
		{1B21A2E5-7403-450C-ABE0-C4BCE7A995A9}.Release|x86.Build.0 = Release|Win32
		{4AB5AC78-A55D-40DC-8DF3-952E5DD35F66}.Debug|x64.ActiveCfg = Debug|x64
		{4AB5AC78-A55D-40DC-8DF3-952E5DD35F66}.Debug|x64.Build.0 = Debug|x64
		{4AB5AC78-A55D-40DC-8DF3-952E5DD35F66}.Debug|x86.ActiveCfg = Debug|Win32
		{4AB5AC78-A55D-40DC-8DF3-952E5DD35F66}.Debug|x86.Build.0 = Debug|Win32
		{4AB5AC78-A55D-40DC-8DF3-952E5DD35F66}.Release|x64.ActiveCfg = Release|x64
		{4AB5AC78-A55D-40DC-8DF3-952E5DD35F66}.Release|x64.Build.0 = Release|x64
		{4AB5AC78-A55D-40DC-8DF3-952E5DD35F66}.Release|x86.ActiveCfg = Release|Win32
		{4AB5AC78-A55D-40DC-8DF3-952E5DD35F66}.Release|x86.Build.0 = Release|Win32
		{B3684EEA-CABC-4A89-A67D-B9100451946E}.Debug|x64.ActiveCfg = Debug|x64
		{B3684EEA-CABC-4A89-A67D-B9100451946E}.Debug|x64.Build.0 = Debug|x64
		{B3684EEA-CABC-4A89-A67D-B9100451946E}.Debug|x86.ActiveCfg = Debug|Win32
		{B3684EEA-CABC-4A89-A67D-B9100451946E}.Debug|x86.Build.0 = Debug|Win32
		{B3684EEA-CABC-4A89-A67D-B9100451946E}.Release|x64.ActiveCfg = Release|x64
		{B3684EEA-CABC-4A89-A67D-B9100451946E}.Release|x64.Build.0 = Release|x64
		{B3684EEA-CABC-4A89-A67D-B9100451946E}.Release|x86.ActiveCfg = Release|Win32
		{B3684EEA-CABC-4A89-A67D-B9100451946E}.Release|x86.Build.0 = Release|Win32
		{6BC89E7B-60F5-45EE-BE81-D614FAFEA163}.Debug|x64.ActiveCfg = Debug|x64
		{6BC89E7B-60F5-45EE-BE81-D614FAFEA163}.Debug|x64.Build.0 = Debug|x64
		{6BC89E7B-60F5-45EE-BE81-D614FAFEA163}.Debug|x86.ActiveCfg = Debug|Win32
		{6BC89E7B-60F5-45EE-BE81-D614FAFEA163}.Debug|x86.Build.0 = Debug|Win32
		{6BC89E7B-60F5-45EE-BE81-D614FAFEA163}.Release|x64.ActiveCfg = Release|x64
		{6BC89E7B-60F5-45EE-BE81-D614FAFEA163}.Release|x64.Build.0 = Release|x64
		{6BC89E7B-60F5-45EE-BE81-D614FAFEA163}.Release|x86.ActiveCfg = Release|Win32
		{6BC89E7B-60F5-45EE-BE81-D614FAFEA163}.Release|x86.Build.0 = Release|Win32
		{62258BA4-3C03-41D4-A25F-E4D7BCA9DCFC}.Debug|x64.ActiveCfg = Debug|x64
		{62258BA4-3C03-41D4-A25F-E4D7BCA9DCFC}.Debug|x64.Build.0 = Debug|x64
		{62258BA4-3C03-41D4-A25F-E4D7BCA9DCFC}.Debug|x86.ActiveCfg = Debug|Win32
		{62258BA4-3C03-41D4-A25F-E4D7BCA9DCFC}.Debug|x86.Build.0 = Debug|Win32
		{62258BA4-3C03-41D4-A25F-E4D7BCA9DCFC}.Release|x64.ActiveCfg = Release|x64
		{62258BA4-3C03-41D4-A25F-E4D7BCA9DCFC}.Release|x64.Build.0 = Release|x64
		{62258BA4-3C03-41D4-A25F-E4D7BCA9DCFC}.Release|x86.ActiveCfg = Release|Win32
		{62258BA4-3C03-41D4-A25F-E4D7BCA9DCFC}.Release|x86.Build.0 = Release|Win32
		{10FA87F5-8107-4639-819E-D45740DEE010}.Debug|x64.ActiveCfg = Debug|x64
		{10FA87F5-8107-4639-819E-D45740DEE010}.Debug|x64.Build.0 = Debug|x64
		{10FA87F5-8107-4639-819E-D45740DEE010}.Debug|x86.ActiveCfg = Debug|Win32
		{10FA87F5-8107-4639-819E-D45740DEE010}.Debug|x86.Build.0 = Debug|Win32
		{10FA87F5-8107-4639-819E-D45740DEE010}.Release|x64.ActiveCfg = Release|x64
		{10FA87F5-8107-4639-819E-D45740DEE010}.Release|x64.Build.0 = Release|x64
		{10FA87F5-8107-4639-819E-D45740DEE010}.Release|x86.ActiveCfg = Release|Win32
		{10FA87F5-8107-4639-819E-D45740DEE010}.Release|x86.Build.0 = Release|Win32
		{BE17E039-E616-4CA8-9724-A956CED5C320}.Debug|x64.ActiveCfg = Debug|x64
		{BE17E039-E616-4CA8-9724-A956CED5C320}.Debug|x64.Build.0 = Debug|x64
		{BE17E039-E616-4CA8-9724-A956CED5C320}.Debug|x86.ActiveCfg = Debug|Win32
		{BE17E039-E616-4CA8-9724-A956CED5C320}.Debug|x86.Build.0 = Debug|Win32
		{BE17E039-E616-4CA8-9724-A956CED5C320}.Release|x64.ActiveCfg = Release|x64
		{BE17E039-E616-4CA8-9724-A956CED5C320}.Release|x64.Build.0 = Release|x64
		{BE17E039-E616-4CA8-9724-A956CED5C320}.Release|x86.ActiveCfg = Release|Win32
		{BE17E039-E616-4CA8-9724-A956CED5C320}.Release|x86.Build.0 = Release|Win32
		{9B937D9B-404C-4FFE-BDD4-CAC1A2750AE6}.Debug|x64.ActiveCfg = Debug|x64
		{9B937D9B-404C-4FFE-BDD4-CAC1A2750AE6}.Debug|x64.Build.0 = Debug|x64
		{9B937D9B-404C-4FFE-BDD4-CAC1A2750AE6}.Debug|x86.ActiveCfg = Debug|Win32
		{9B937D9B-404C-4FFE-BDD4-CAC1A2750AE6}.Debug|x86.Build.0 = Debug|Win32
		{9B937D9B-404C-4FFE-BDD4-CAC1A2750AE6}.Release|x64.ActiveCfg = Release|x64
		{9B937D9B-404C-4FFE-BDD4-CAC1A2750AE6}.Release|x64.Build.0 = Release|x64
		{9B937D9B-404C-4FFE-BDD4-CAC1A2750AE6}.Release|x86.ActiveCfg = Release|Win32
		{9B937D9B-404C-4FFE-BDD4-CAC1A2750AE6}.Release|x86.Build.0 = Release|Win32
		{08166957-B79D-4CEA-B2B8-8C3FC19AAEE3}.Debug|x64.ActiveCfg = Debug|x64
		{08166957-B79D-4CEA-B2B8-8C3FC19AAEE3}.Debug|x64.Build.0 = Debug|x64
		{08166957-B79D-4CEA-B2B8-8C3FC19AAEE3}.Debug|x86.ActiveCfg = Debug|Win32
		{08166957-B79D-4CEA-B2B8-8C3FC19AAEE3}.Debug|x86.Build.0 = Debug|Win32
		{08166957-B79D-4CEA-B2B8-8C3FC19AAEE3}.Release|x64.ActiveCfg = Release|x64
		{08166957-B79D-4CEA-B2B8-8C3FC19AAEE3}.Release|x64.Build.0 = Release|x64
		{08166957-B79D-4CEA-B2B8-8C3FC19AAEE3}.Release|x86.ActiveCfg = Release|Win32
		{08166957-B79D-4CEA-B2B8-8C3FC19AAEE3}.Release|x86.Build.0 = Release|Win32
		{6043157A-774F-4A4E-BF38-4141C7DCB69A}.Debug|x64.ActiveCfg = Debug|x64
		{6043157A-774F-4A4E-BF38-4141C7DCB69A}.Debug|x64.Build.0 = Debug|x64
		{6043157A-774F-4A4E-BF38-4141C7DCB69A}.Debug|x86.ActiveCfg = Debug|Win32
		{6043157A-774F-4A4E-BF38-4141C7DCB69A}.Debug|x86.Build.0 = Debug|Win32
		{6043157A-774F-4A4E-BF38-4141C7DCB69A}.Release|x64.ActiveCfg = Release|x64
		{6043157A-774F-4A4E-BF38-4141C7DCB69A}.Release|x64.Build.0 = Release|x64
		{6043157A-774F-4A4E-BF38-4141C7DCB69A}.Release|x86.ActiveCfg = Release|Win32
		{6043157A-774F-4A4E-BF38-4141C7DCB69A}.Release|x86.Build.0 = Release|Win32
		{1A535168-0790-4167-8C12-11BAA0DE759C}.Debug|x64.ActiveCfg = Debug|x64
		{1A535168-0790-4167-8C12-11BAA0DE759C}.Debug|x64.Build.0 = Debug|x64
		{1A535168-0790-4167-8C12-11BAA0DE759C}.Debug|x86.ActiveCfg = Debug|Win32
		{1A535168-0790-4167-8C12-11BAA0DE759C}.Debug|x86.Build.0 = Debug|Win32
		{1A535168-0790-4167-8C12-11BAA0DE759C}.Release|x64.ActiveCfg = Release|x64
		{1A535168-0790-4167-8C12-11BAA0DE759C}.Release|x64.Build.0 = Release|x64
		{1A535168-0790-4167-8C12-11BAA0DE759C}.Release|x86.ActiveCfg = Release|Win32
		{1A535168-0790-4167-8C12-11BAA0DE759C}.Release|x86.Build.0 = Release|Win32
		{42E672D6-E22E-43C1-BFEC-3E496AF28414}.Debug|x64.ActiveCfg = Debug|x64
		{42E672D6-E22E-43C1-BFEC-3E496AF28414}.Debug|x64.Build.0 = Debug|x64
		{42E672D6-E22E-43C1-BFEC-3E496AF28414}.Debug|x86.ActiveCfg = Debug|Win32
		{42E672D6-E22E-43C1-BFEC-3E496AF28414}.Debug|x86.Build.0 = Debug|Win32
		{42E672D6-E22E-43C1-BFEC-3E496AF28414}.Release|x64.ActiveCfg = Release|x64
		{42E672D6-E22E-43C1-BFEC-3E496AF28414}.Release|x64.Build.0 = Release|x64
		{42E672D6-E22E-43C1-BFEC-3E496AF28414}.Release|x86.ActiveCfg = Release|Win32
		{42E672D6-E22E-43C1-BFEC-3E496AF28414}.Release|x86.Build.0 = Release|Win32
		{302E6A2C-5653-4E84-8D3E-008470038A5E}.Debug|x64.ActiveCfg = Debug|x64
		{302E6A2C-5653-4E84-8D3E-008470038A5E}.Debug|x64.Build.0 = Debug|x64
		{302E6A2C-5653-4E84-8D3E-008470038A5E}.Debug|x86.ActiveCfg = Debug|Win32
		{302E6A2C-5653-4E84-8D3E-008470038A5E}.Debug|x86.Build.0 = Debug|Win32
		{302E6A2C-5653-4E84-8D3E-008470038A5E}.Release|x64.ActiveCfg = Release|x64
		{302E6A2C-5653-4E84-8D3E-008470038A5E}.Release|x64.Build.0 = Release|x64
		{302E6A2C-5653-4E84-8D3E-008470038A5E}.Release|x86.ActiveCfg = Release|Win32
		{302E6A2C-5653-4E84-8D3E-008470038A5E}.Release|x86.Build.0 = Release|Win32
		{4661C354-8A9C-4257-B7B3-773D390F3FB7}.Debug|x64.ActiveCfg = Debug|x64
		{4661C354-8A9C-4257-B7B3-773D390F3FB7}.Debug|x64.Build.0 = Debug|x64
		{4661C354-8A9C-4257-B7B3-773D390F3FB7}.Debug|x86.ActiveCfg = Debug|Win32
		{4661C354-8A9C-4257-B7B3-773D390F3FB7}.Debug|x86.Build.0 = Debug|Win32
		{4661C354-8A9C-4257-B7B3-773D390F3FB7}.Release|x64.ActiveCfg = Release|x64
		{4661C354-8A9C-4257-B7B3-773D390F3FB7}.Release|x64.Build.0 = Release|x64
		{4661C354-8A9C-4257-B7B3-773D390F3FB7}.Release|x86.ActiveCfg = Release|Win32
		{4661C354-8A9C-4257-B7B3-773D390F3FB7}.Release|x86.Build.0 = Release|Win32
		{14AAE4F2-E9D8-4A10-A0E9-0BD13DBCDD2A}.Debug|x64.ActiveCfg = Debug|x64
		{14AAE4F2-E9D8-4A10-A0E9-0BD13DBCDD2A}.Debug|x64.Build.0 = Debug|x64
		{14AAE4F2-E9D8-4A10-A0E9-0BD13DBCDD2A}.Debug|x86.ActiveCfg = Debug|Win32
		{14AAE4F2-E9D8-4A10-A0E9-0BD13DBCDD2A}.Debug|x86.Build.0 = Debug|Win32
		{14AAE4F2-E9D8-4A10-A0E9-0BD13DBCDD2A}.Release|x64.ActiveCfg = Release|x64
		{14AAE4F2-E9D8-4A10-A0E9-0BD13DBCDD2A}.Release|x64.Build.0 = Release|x64
		{14AAE4F2-E9D8-4A10-A0E9-0BD13DBCDD2A}.Release|x86.ActiveCfg = Release|Win32
		{14AAE4F2-E9D8-4A10-A0E9-0BD13DBCDD2A}.Release|x86.Build.0 = Release|Win32
		{5B4B03C5-2E50-4A1B-A2FD-FAA3C0AC0EF9}.Debug|x64.ActiveCfg = Debug|x64
		{5B4B03C5-2E50-4A1B-A2FD-FAA3C0AC0EF9}.Debug|x64.Build.0 = Debug|x64
		{5B4B03C5-2E50-4A1B-A2FD-FAA3C0AC0EF9}.Debug|x86.ActiveCfg = Debug|Win32
		{5B4B03C5-2E50-4A1B-A2FD-FAA3C0AC0EF9}.Debug|x86.Build.0 = Debug|Win32
		{5B4B03C5-2E50-4A1B-A2FD-FAA3C0AC0EF9}.Release|x64.ActiveCfg = Release|x64
		{5B4B03C5-2E50-4A1B-A2FD-FAA3C0AC0EF9}.Release|x64.Build.0 = Release|x64
		{5B4B03C5-2E50-4A1B-A2FD-FAA3C0AC0EF9}.Release|x86.ActiveCfg = Release|Win32
		{5B4B03C5-2E50-4A1B-A2FD-FAA3C0AC0EF9}.Release|x86.Build.0 = Release|Win32
		{A18130B3-7BF9-4E6E-AD76-1BE9F70ADD16}.Debug|x64.ActiveCfg = Debug|x64
		{A18130B3-7BF9-4E6E-AD76-1BE9F70ADD16}.Debug|x64.Build.0 = Debug|x64
		{A18130B3-7BF9-4E6E-AD76-1BE9F70ADD16}.Debug|x86.ActiveCfg = Debug|Win32
		{A18130B3-7BF9-4E6E-AD76-1BE9F70ADD16}.Debug|x86.Build.0 = Debug|Win32
		{A18130B3-7BF9-4E6E-AD76-1BE9F70ADD16}.Release|x64.ActiveCfg = Release|x64
		{A18130B3-7BF9-4E6E-AD76-1BE9F70ADD16}.Release|x64.Build.0 = Release|x64
		{A18130B3-7BF9-4E6E-AD76-1BE9F70ADD16}.Release|x86.ActiveCfg = Release|Win32
		{A18130B3-7BF9-4E6E-AD76-1BE9F70ADD16}.Release|x86.Build.0 = Release|Win32
		{3EF3044F-337A-476B-B242-6571575F8909}.Debug|x64.ActiveCfg = Debug|x64
		{3EF3044F-337A-476B-B242-6571575F8909}.Debug|x64.Build.0 = Debug|x64
		{3EF3044F-337A-476B-B242-6571575F8909}.Debug|x86.ActiveCfg = Debug|Win32
		{3EF3044F-337A-476B-B242-6571575F8909}.Debug|x86.Build.0 = Debug|Win32
		{3EF3044F-337A-476B-B242-6571575F8909}.Release|x64.ActiveCfg = Release|x64
		{3EF3044F-337A-476B-B242-6571575F8909}.Release|x64.Build.0 = Release|x64
		{3EF3044F-337A-476B-B242-6571575F8909}.Release|x86.ActiveCfg = Release|Win32
		{3EF3044F-337A-476B-B242-6571575F8909}.Release|x86.Build.0 = Release|Win32
		{55B8F9A6-C01C-4461-AD20-FE7870D1115B}.Debug|x64.ActiveCfg = Debug|x64
		{55B8F9A6-C01C-4461-AD20-FE7870D1115B}.Debug|x64.Build.0 = Debug|x64
		{55B8F9A6-C01C-4461-AD20-FE7870D1115B}.Debug|x86.ActiveCfg = Debug|Win32
		{55B8F9A6-C01C-4461-AD20-FE7870D1115B}.Debug|x86.Build.0 = Debug|Win32
		{55B8F9A6-C01C-4461-AD20-FE7870D1115B}.Release|x64.ActiveCfg = Release|x64
		{55B8F9A6-C01C-4461-AD20-FE7870D1115B}.Release|x64.Build.0 = Release|x64
		{55B8F9A6-C01C-4461-AD20-FE7870D1115B}.Release|x86.ActiveCfg = Release|Win32
		{55B8F9A6-C01C-4461-AD20-FE7870D1115B}.Release|x86.Build.0 = Release|Win32
		{93D33E5F-342D-48E3-8203-BD17789819BC}.Debug|x64.ActiveCfg = Debug|x64
		{93D33E5F-342D-48E3-8203-BD17789819BC}.Debug|x64.Build.0 = Debug|x64
		{93D33E5F-342D-48E3-8203-BD17789819BC}.Debug|x86.ActiveCfg = Debug|Win32
		{93D33E5F-342D-48E3-8203-BD17789819BC}.Debug|x86.Build.0 = Debug|Win32
		{93D33E5F-342D-48E3-8203-BD17789819BC}.Release|x64.ActiveCfg = Release|x64
		{93D33E5F-342D-48E3-8203-BD17789819BC}.Release|x64.Build.0 = Release|x64
		{93D33E5F-342D-48E3-8203-BD17789819BC}.Release|x86.ActiveCfg = Release|Win32
		{93D33E5F-342D-48E3-8203-BD17789819BC}.Release|x86.Build.0 = Release|Win32
		{E0F37DD1-BB0F-42F4-9838-91D3EFFFAF42}.Debug|x64.ActiveCfg = Debug|x64
		{E0F37DD1-BB0F-42F4-9838-91D3EFFFAF42}.Debug|x64.Build.0 = Debug|x64
		{E0F37DD1-BB0F-42F4-9838-91D3EFFFAF42}.Debug|x86.ActiveCfg = Debug|Win32
		{E0F37DD1-BB0F-42F4-9838-91D3EFFFAF42}.Debug|x86.Build.0 = Debug|Win32
		{E0F37DD1-BB0F-42F4-9838-91D3EFFFAF42}.Release|x64.ActiveCfg = Release|x64
		{E0F37DD1-BB0F-42F4-9838-91D3EFFFAF42}.Release|x64.Build.0 = Release|x64
		{E0F37DD1-BB0F-42F4-9838-91D3EFFFAF42}.Release|x86.ActiveCfg = Release|Win32
		{E0F37DD1-BB0F-42F4-9838-91D3EFFFAF42}.Release|x86.Build.0 = Release|Win32
		{A64CD8E9-4639-421A-8551-346AA914E0E5}.Debug|x64.ActiveCfg = Debug|x64
		{A64CD8E9-4639-421A-8551-346AA914E0E5}.Debug|x64.Build.0 = Debug|x64
		{A64CD8E9-4639-421A-8551-346AA914E0E5}.Debug|x86.ActiveCfg = Debug|Win32
		{A64CD8E9-4639-421A-8551-346AA914E0E5}.Debug|x86.Build.0 = Debug|Win32
		{A64CD8E9-4639-421A-8551-346AA914E0E5}.Release|x64.ActiveCfg = Release|x64
		{A64CD8E9-4639-421A-8551-346AA914E0E5}.Release|x64.Build.0 = Release|x64
		{A64CD8E9-4639-421A-8551-346AA914E0E5}.Release|x86.ActiveCfg = Release|Win32
		{A64CD8E9-4639-421A-8551-346AA914E0E5}.Release|x86.Build.0 = Release|Win32
		{66F25E81-BBCA-40A5-95A7-CDEFB5E8ED14}.Debug|x64.ActiveCfg = Debug|x64
		{66F25E81-BBCA-40A5-95A7-CDEFB5E8ED14}.Debug|x64.Build.0 = Debug|x64
		{66F25E81-BBCA-40A5-95A7-CDEFB5E8ED14}.Debug|x86.ActiveCfg = Debug|Win32
		{66F25E81-BBCA-40A5-95A7-CDEFB5E8ED14}.Debug|x86.Build.0 = Debug|Win32
		{66F25E81-BBCA-40A5-95A7-CDEFB5E8ED14}.Release|x64.ActiveCfg = Release|x64
		{66F25E81-BBCA-40A5-95A7-CDEFB5E8ED14}.Release|x64.Build.0 = Release|x64
		{66F25E81-BBCA-40A5-95A7-CDEFB5E8ED14}.Release|x86.ActiveCfg = Release|Win32
		{66F25E81-BBCA-40A5-95A7-CDEFB5E8ED14}.Release|x86.Build.0 = Release|Win32
		{370AE012-51BD-4DF9-BD06-58D86F217EDF}.Debug|x64.ActiveCfg = Debug|x64
		{370AE012-51BD-4DF9-BD06-58D86F217EDF}.Debug|x64.Build.0 = Debug|x64
		{370AE012-51BD-4DF9-BD06-58D86F217EDF}.Debug|x86.ActiveCfg = Debug|Win32
		{370AE012-51BD-4DF9-BD06-58D86F217EDF}.Debug|x86.Build.0 = Debug|Win32
		{370AE012-51BD-4DF9-BD06-58D86F217EDF}.Release|x64.ActiveCfg = Release|x64
		{370AE012-51BD-4DF9-BD06-58D86F217EDF}.Release|x64.Build.0 = Release|x64
		{370AE012-51BD-4DF9-BD06-58D86F217EDF}.Release|x86.ActiveCfg = Release|Win32
		{370AE012-51BD-4DF9-BD06-58D86F217EDF}.Release|x86.Build.0 = Release|Win32
		{9923535D-176A-4FA9-86EB-4FA8FFF70C54}.Debug|x64.ActiveCfg = Debug|x64
		{9923535D-176A-4FA9-86EB-4FA8FFF70C54}.Debug|x64.Build.0 = Debug|x64
		{9923535D-176A-4FA9-86EB-4FA8FFF70C54}.Debug|x86.ActiveCfg = Debug|Win32
		{9923535D-176A-4FA9-86EB-4FA8FFF70C54}.Debug|x86.Build.0 = Debug|Win32
		{9923535D-176A-4FA9-86EB-4FA8FFF70C54}.Release|x64.ActiveCfg = Release|x64
		{9923535D-176A-4FA9-86EB-4FA8FFF70C54}.Release|x64.Build.0 = Release|x64
		{9923535D-176A-4FA9-86EB-4FA8FFF70C54}.Release|x86.ActiveCfg = Release|Win32
		{9923535D-176A-4FA9-86EB-4FA8FFF70C54}.Release|x86.Build.0 = Release|Win32
		{4C35AEDE-850E-45E7-A5DB-6DDA0B045231}.Debug|x64.ActiveCfg = Debug|x64
		{4C35AEDE-850E-45E7-A5DB-6DDA0B045231}.Debug|x64.Build.0 = Debug|x64
		{4C35AEDE-850E-45E7-A5DB-6DDA0B045231}.Debug|x86.ActiveCfg = Debug|Win32
		{4C35AEDE-850E-45E7-A5DB-6DDA0B045231}.Debug|x86.Build.0 = Debug|Win32
		{4C35AEDE-850E-45E7-A5DB-6DDA0B045231}.Release|x64.ActiveCfg = Release|x64
		{4C35AEDE-850E-45E7-A5DB-6DDA0B045231}.Release|x64.Build.0 = Release|x64
		{4C35AEDE-850E-45E7-A5DB-6DDA0B045231}.Release|x86.ActiveCfg = Release|Win32
		{4C35AEDE-850E-45E7-A5DB-6DDA0B045231}.Release|x86.Build.0 = Release|Win32
		{52044E8D-DF7A-4107-9AB9-181F8C76FEF8}.Debug|x64.ActiveCfg = Debug|x64
		{52044E8D-DF7A-4107-9AB9-181F8C76FEF8}.Debug|x64.Build.0 = Debug|x64
		{52044E8D-DF7A-4107-9AB9-181F8C76FEF8}.Debug|x86.ActiveCfg = Debug|Win32
		{52044E8D-DF7A-4107-9AB9-181F8C76FEF8}.Debug|x86.Build.0 = Debug|Win32
		{52044E8D-DF7A-4107-9AB9-181F8C76FEF8}.Release|x64.ActiveCfg = Release|x64
		{52044E8D-DF7A-4107-9AB9-181F8C76FEF8}.Release|x64.Build.0 = Release|x64
		{52044E8D-DF7A-4107-9AB9-181F8C76FEF8}.Release|x86.ActiveCfg = Release|Win32
		{52044E8D-DF7A-4107-9AB9-181F8C76FEF8}.Release|x86.Build.0 = Release|Win32
		{9AAE9904-80B3-4FC7-A2D4-E96F8A2F122E}.Debug|x64.ActiveCfg = Debug|x64
		{9AAE9904-80B3-4FC7-A2D4-E96F8A2F122E}.Debug|x64.Build.0 = Debug|x64
		{9AAE9904-80B3-4FC7-A2D4-E96F8A2F122E}.Debug|x86.ActiveCfg = Debug|Win32
		{9AAE9904-80B3-4FC7-A2D4-E96F8A2F122E}.Debug|x86.Build.0 = Debug|Win32
		{9AAE9904-80B3-4FC7-A2D4-E96F8A2F122E}.Release|x64.ActiveCfg = Release|x64
		{9AAE9904-80B3-4FC7-A2D4-E96F8A2F122E}.Release|x64.Build.0 = Release|x64
		{9AAE9904-80B3-4FC7-A2D4-E96F8A2F122E}.Release|x86.ActiveCfg = Release|Win32
		{9AAE9904-80B3-4FC7-A2D4-E96F8A2F122E}.Release|x86.Build.0 = Release|Win32
		{8F499D26-96E3-4384-A003-D0C78A4D9B12}.Debug|x64.ActiveCfg = Debug|x64
		{8F499D26-96E3-4384-A003-D0C78A4D9B12}.Debug|x64.Build.0 = Debug|x64
		{8F499D26-96E3-4384-A003-D0C78A4D9B12}.Debug|x86.ActiveCfg = Debug|Win32
		{8F499D26-96E3-4384-A003-D0C78A4D9B12}.Debug|x86.Build.0 = Debug|Win32
		{8F499D26-96E3-4384-A003-D0C78A4D9B12}.Release|x64.ActiveCfg = Release|x64
		{8F499D26-96E3-4384-A003-D0C78A4D9B12}.Release|x64.Build.0 = Release|x64
		{8F499D26-96E3-4384-A003-D0C78A4D9B12}.Release|x86.ActiveCfg = Release|Win32
		{8F499D26-96E3-4384-A003-D0C78A4D9B12}.Release|x86.Build.0 = Release|Win32
		{384F2F25-0D9D-450A-A6B3-A010956C37FE}.Debug|x64.ActiveCfg = Debug|x64
		{384F2F25-0D9D-450A-A6B3-A010956C37FE}.Debug|x64.Build.0 = Debug|x64
		{384F2F25-0D9D-450A-A6B3-A010956C37FE}.Debug|x86.ActiveCfg = Debug|Win32
		{384F2F25-0D9D-450A-A6B3-A010956C37FE}.Debug|x86.Build.0 = Debug|Win32
		{384F2F25-0D9D-450A-A6B3-A010956C37FE}.Release|x64.ActiveCfg = Release|x64
		{384F2F25-0D9D-450A-A6B3-A010956C37FE}.Release|x64.Build.0 = Release|x64
		{384F2F25-0D9D-450A-A6B3-A010956C37FE}.Release|x86.ActiveCfg = Release|Win32
		{384F2F25-0D9D-450A-A6B3-A010956C37FE}.Release|x86.Build.0 = Release|Win32
		{5182D32D-DEC9-459B-BF81-6F58CF0C25E7}.Debug|x64.ActiveCfg = Debug|x64
		{5182D32D-DEC9-459B-BF81-6F58CF0C25E7}.Debug|x64.Build.0 = Debug|x64
		{5182D32D-DEC9-459B-BF81-6F58CF0C25E7}.Debug|x86.ActiveCfg = Debug|Win32
		{5182D32D-DEC9-459B-BF81-6F58CF0C25E7}.Debug|x86.Build.0 = Debug|Win32
		{5182D32D-DEC9-459B-BF81-6F58CF0C25E7}.Release|x64.ActiveCfg = Release|x64
		{5182D32D-DEC9-459B-BF81-6F58CF0C25E7}.Release|x64.Build.0 = Release|x64
		{5182D32D-DEC9-459B-BF81-6F58CF0C25E7}.Release|x86.ActiveCfg = Release|Win32
		{5182D32D-DEC9-459B-BF81-6F58CF0C25E7}.Release|x86.Build.0 = Release|Win32
		{DE5F199A-73B8-44E7-9C7D-4CD1EACB4E41}.Debug|x64.ActiveCfg = Debug|x64
		{DE5F199A-73B8-44E7-9C7D-4CD1EACB4E41}.Debug|x64.Build.0 = Debug|x64
		{DE5F199A-73B8-44E7-9C7D-4CD1EACB4E41}.Debug|x86.ActiveCfg = Debug|Win32
		{DE5F199A-73B8-44E7-9C7D-4CD1EACB4E41}.Debug|x86.Build.0 = Debug|Win32
		{DE5F199A-73B8-44E7-9C7D-4CD1EACB4E41}.Release|x64.ActiveCfg = Release|x64
		{DE5F199A-73B8-44E7-9C7D-4CD1EACB4E41}.Release|x64.Build.0 = Release|x64
		{DE5F199A-73B8-44E7-9C7D-4CD1EACB4E41}.Release|x86.ActiveCfg = Release|Win32
		{DE5F199A-73B8-44E7-9C7D-4CD1EACB4E41}.Release|x86.Build.0 = Release|Win32
		{89515AC4-D60F-497B-889F-5ABB43BBC982}.Debug|x64.ActiveCfg = Debug|x64
		{89515AC4-D60F-497B-889F-5ABB43BBC982}.Debug|x64.Build.0 = Debug|x64
		{89515AC4-D60F-497B-889F-5ABB43BBC982}.Debug|x86.ActiveCfg = Debug|Win32
		{89515AC4-D60F-497B-889F-5ABB43BBC982}.Debug|x86.Build.0 = Debug|Win32
		{89515AC4-D60F-497B-889F-5ABB43BBC982}.Release|x64.ActiveCfg = Release|x64
		{89515AC4-D60F-497B-889F-5ABB43BBC982}.Release|x64.Build.0 = Release|x64
		{89515AC4-D60F-497B-889F-5ABB43BBC982}.Release|x86.ActiveCfg = Release|Win32
		{89515AC4-D60F-497B-889F-5ABB43BBC982}.Release|x86.Build.0 = Release|Win32
		{E0C2FA9C-044C-4EB3-BAFF-7FD68EE6D0D2}.Debug|x64.ActiveCfg = Debug|x64
		{E0C2FA9C-044C-4EB3-BAFF-7FD68EE6D0D2}.Debug|x64.Build.0 = Debug|x64
		{E0C2FA9C-044C-4EB3-BAFF-7FD68EE6D0D2}.Debug|x86.ActiveCfg = Debug|Win32
		{E0C2FA9C-044C-4EB3-BAFF-7FD68EE6D0D2}.Debug|x86.Build.0 = Debug|Win32
		{E0C2FA9C-044C-4EB3-BAFF-7FD68EE6D0D2}.Release|x64.ActiveCfg = Release|x64
		{E0C2FA9C-044C-4EB3-BAFF-7FD68EE6D0D2}.Release|x64.Build.0 = Release|x64
		{E0C2FA9C-044C-4EB3-BAFF-7FD68EE6D0D2}.Release|x86.ActiveCfg = Release|Win32
		{E0C2FA9C-044C-4EB3-BAFF-7FD68EE6D0D2}.Release|x86.Build.0 = Release|Win32
		{EB98BF59-61C9-482C-B973-160398BE6FB9}.Debug|x64.ActiveCfg = Debug|x64
		{EB98BF59-61C9-482C-B973-160398BE6FB9}.Debug|x64.Build.0 = Debug|x64
		{EB98BF59-61C9-482C-B973-160398BE6FB9}.Debug|x86.ActiveCfg = Debug|Win32
		{EB98BF59-61C9-482C-B973-160398BE6FB9}.Debug|x86.Build.0 = Debug|Win32
		{EB98BF59-61C9-482C-B973-160398BE6FB9}.Release|x64.ActiveCfg = Release|x64
		{EB98BF59-61C9-482C-B973-160398BE6FB9}.Release|x64.Build.0 = Release|x64
		{EB98BF59-61C9-482C-B973-160398BE6FB9}.Release|x86.ActiveCfg = Release|Win32
		{EB98BF59-61C9-482C-B973-160398BE6FB9}.Release|x86.Build.0 = Release|Win32
		{E5A358DC-D728-49B6-A1D5-1ABC6296DF4C}.Debug|x64.ActiveCfg = Debug|x64
		{E5A358DC-D728-49B6-A1D5-1ABC6296DF4C}.Debug|x64.Build.0 = Debug|x64
		{E5A358DC-D728-49B6-A1D5-1ABC6296DF4C}.Debug|x86.ActiveCfg = Debug|Win32
		{E5A358DC-D728-49B6-A1D5-1ABC6296DF4C}.Debug|x86.Build.0 = Debug|Win32
		{E5A358DC-D728-49B6-A1D5-1ABC6296DF4C}.Release|x64.ActiveCfg = Release|x64
		{E5A358DC-D728-49B6-A1D5-1ABC6296DF4C}.Release|x64.Build.0 = Release|x64
		{E5A358DC-D728-49B6-A1D5-1ABC6296DF4C}.Release|x86.ActiveCfg = Release|Win32
		{E5A358DC-D728-49B6-A1D5-1ABC6296DF4C}.Release|x86.Build.0 = Release|Win32
		{94052548-62DE-4000-B65E-475D5D4E35C4}.Debug|x64.ActiveCfg = Debug|x64
		{94052548-62DE-4000-B65E-475D5D4E35C4}.Debug|x64.Build.0 = Debug|x64
		{94052548-62DE-4000-B65E-475D5D4E35C4}.Debug|x86.ActiveCfg = Debug|Win32
		{94052548-62DE-4000-B65E-475D5D4E35C4}.Debug|x86.Build.0 = Debug|Win32
		{94052548-62DE-4000-B65E-475D5D4E35C4}.Release|x64.ActiveCfg = Release|x64
		{94052548-62DE-4000-B65E-475D5D4E35C4}.Release|x64.Build.0 = Release|x64
		{94052548-62DE-4000-B65E-475D5D4E35C4}.Release|x86.ActiveCfg = Release|Win32
		{94052548-62DE-4000-B65E-475D5D4E35C4}.Release|x86.Build.0 = Release|Win32
		{D224297B-4F4F-4330-81ED-903539A8E9E5}.Debug|x64.ActiveCfg = Debug|x64
		{D224297B-4F4F-4330-81ED-903539A8E9E5}.Debug|x64.Build.0 = Debug|x64
		{D224297B-4F4F-4330-81ED-903539A8E9E5}.Debug|x86.ActiveCfg = Debug|Win32
		{D224297B-4F4F-4330-81ED-903539A8E9E5}.Debug|x86.Build.0 = Debug|Win32
		{D224297B-4F4F-4330-81ED-903539A8E9E5}.Release|x64.ActiveCfg = Release|x64
		{D224297B-4F4F-4330-81ED-903539A8E9E5}.Release|x64.Build.0 = Release|x64
		{D224297B-4F4F-4330-81ED-903539A8E9E5}.Release|x86.ActiveCfg = Release|Win32
		{D224297B-4F4F-4330-81ED-903539A8E9E5}.Release|x86.Build.0 = Release|Win32
		{E11E8572-2022-4351-A56C-AF224A2306E6}.Debug|x64.ActiveCfg = Debug|x64
		{E11E8572-2022-4351-A56C-AF224A2306E6}.Debug|x64.Build.0 = Debug|x64
		{E11E8572-2022-4351-A56C-AF224A2306E6}.Debug|x86.ActiveCfg = Debug|Win32
		{E11E8572-2022-4351-A56C-AF224A2306E6}.Debug|x86.Build.0 = Debug|Win32
		{E11E8572-2022-4351-A56C-AF224A2306E6}.Release|x64.ActiveCfg = Release|x64
		{E11E8572-2022-4351-A56C-AF224A2306E6}.Release|x64.Build.0 = Release|x64
		{E11E8572-2022-4351-A56C-AF224A2306E6}.Release|x86.ActiveCfg = Release|Win32
		{E11E8572-2022-4351-A56C-AF224A2306E6}.Release|x86.Build.0 = Release|Win32
		{9651B03E-8A7D-42AE-A12F-2F301CAFE277}.Debug|x64.ActiveCfg = Debug|x64
		{9651B03E-8A7D-42AE-A12F-2F301CAFE277}.Debug|x64.Build.0 = Debug|x64
		{9651B03E-8A7D-42AE-A12F-2F301CAFE277}.Debug|x86.ActiveCfg = Debug|Win32
		{9651B03E-8A7D-42AE-A12F-2F301CAFE277}.Debug|x86.Build.0 = Debug|Win32
		{9651B03E-8A7D-42AE-A12F-2F301CAFE277}.Release|x64.ActiveCfg = Release|x64
		{9651B03E-8A7D-42AE-A12F-2F301CAFE277}.Release|x64.Build.0 = Release|x64
		{9651B03E-8A7D-42AE-A12F-2F301CAFE277}.Release|x86.ActiveCfg = Release|Win32
		{9651B03E-8A7D-42AE-A12F-2F301CAFE277}.Release|x86.Build.0 = Release|Win32
		{CC02E2E6-3DF3-4012-BCF5-5F1BC22EEE93}.Debug|x64.ActiveCfg = Debug|x64
		{CC02E2E6-3DF3-4012-BCF5-5F1BC22EEE93}.Debug|x64.Build.0 = Debug|x64
		{CC02E2E6-3DF3-4012-BCF5-5F1BC22EEE93}.Debug|x86.ActiveCfg = Debug|Win32
		{CC02E2E6-3DF3-4012-BCF5-5F1BC22EEE93}.Debug|x86.Build.0 = Debug|Win32
		{CC02E2E6-3DF3-4012-BCF5-5F1BC22EEE93}.Release|x64.ActiveCfg = Release|x64
		{CC02E2E6-3DF3-4012-BCF5-5F1BC22EEE93}.Release|x64.Build.0 = Release|x64
		{CC02E2E6-3DF3-4012-BCF5-5F1BC22EEE93}.Release|x86.ActiveCfg = Release|Win32
		{CC02E2E6-3DF3-4012-BCF5-5F1BC22EEE93}.Release|x86.Build.0 = Release|Win32
		{E79D45F4-08DA-479D-944E-C1C9FED95CEC}.Debug|x64.ActiveCfg = Debug|x64
		{E79D45F4-08DA-479D-944E-C1C9FED95CEC}.Debug|x64.Build.0 = Debug|x64
		{E79D45F4-08DA-479D-944E-C1C9FED95CEC}.Debug|x86.ActiveCfg = Debug|Win32
		{E79D45F4-08DA-479D-944E-C1C9FED95CEC}.Debug|x86.Build.0 = Debug|Win32
		{E79D45F4-08DA-479D-944E-C1C9FED95CEC}.Release|x64.ActiveCfg = Release|x64
		{E79D45F4-08DA-479D-944E-C1C9FED95CEC}.Release|x64.Build.0 = Release|x64
		{E79D45F4-08DA-479D-944E-C1C9FED95CEC}.Release|x86.ActiveCfg = Release|Win32
		{E79D45F4-08DA-479D-944E-C1C9FED95CEC}.Release|x86.Build.0 = Release|Win32
		{B5AC069F-8F64-4C49-A4AE-FD6FF3D39A7D}.Debug|x64.ActiveCfg = Debug|x64
		{B5AC069F-8F64-4C49-A4AE-FD6FF3D39A7D}.Debug|x64.Build.0 = Debug|x64
		{B5AC069F-8F64-4C49-A4AE-FD6FF3D39A7D}.Debug|x86.ActiveCfg = Debug|Win32
		{B5AC069F-8F64-4C49-A4AE-FD6FF3D39A7D}.Debug|x86.Build.0 = Debug|Win32
		{B5AC069F-8F64-4C49-A4AE-FD6FF3D39A7D}.Release|x64.ActiveCfg = Release|x64
		{B5AC069F-8F64-4C49-A4AE-FD6FF3D39A7D}.Release|x64.Build.0 = Release|x64
		{B5AC069F-8F64-4C49-A4AE-FD6FF3D39A7D}.Release|x86.ActiveCfg = Release|Win32
		{B5AC069F-8F64-4C49-A4AE-FD6FF3D39A7D}.Release|x86.Build.0 = Release|Win32
		{64C36F71-3D57-4ACB-A43E-23BFFBA6C67E}.Debug|x64.ActiveCfg = Debug|x64
		{64C36F71-3D57-4ACB-A43E-23BFFBA6C67E}.Debug|x64.Build.0 = Debug|x64
		{64C36F71-3D57-4ACB-A43E-23BFFBA6C67E}.Debug|x86.ActiveCfg = Debug|Win32
		{64C36F71-3D57-4ACB-A43E-23BFFBA6C67E}.Debug|x86.Build.0 = Debug|Win32
		{64C36F71-3D57-4ACB-A43E-23BFFBA6C67E}.Release|x64.ActiveCfg = Release|x64
		{64C36F71-3D57-4ACB-A43E-23BFFBA6C67E}.Release|x64.Build.0 = Release|x64
		{64C36F71-3D57-4ACB-A43E-23BFFBA6C67E}.Release|x86.ActiveCfg = Release|Win32
		{64C36F71-3D57-4ACB-A43E-23BFFBA6C67E}.Release|x86.Build.0 = Release|Win32
		{1E900B31-32E1-43FC-899C-93EC6AEC3F54}.Debug|x64.ActiveCfg = Debug|x64
		{1E900B31-32E1-43FC-899C-93EC6AEC3F54}.Debug|x64.Build.0 = Debug|x64
		{1E900B31-32E1-43FC-899C-93EC6AEC3F54}.Debug|x86.ActiveCfg = Debug|Win32
		{1E900B31-32E1-43FC-899C-93EC6AEC3F54}.Debug|x86.Build.0 = Debug|Win32
		{1E900B31-32E1-43FC-899C-93EC6AEC3F54}.Release|x64.ActiveCfg = Release|x64
		{1E900B31-32E1-43FC-899C-93EC6AEC3F54}.Release|x64.Build.0 = Release|x64
		{1E900B31-32E1-43FC-899C-93EC6AEC3F54}.Release|x86.ActiveCfg = Release|Win32
		{1E900B31-32E1-43FC-899C-93EC6AEC3F54}.Release|x86.Build.0 = Release|Win32
		{043F5F65-F2F2-47E1-9D18-B20E5BACDDCE}.Debug|x64.ActiveCfg = Debug|x64
		{043F5F65-F2F2-47E1-9D18-B20E5BACDDCE}.Debug|x64.Build.0 = Debug|x64
		{043F5F65-F2F2-47E1-9D18-B20E5BACDDCE}.Debug|x86.ActiveCfg = Debug|Win32
		{043F5F65-F2F2-47E1-9D18-B20E5BACDDCE}.Debug|x86.Build.0 = Debug|Win32
		{043F5F65-F2F2-47E1-9D18-B20E5BACDDCE}.Release|x64.ActiveCfg = Release|x64
		{043F5F65-F2F2-47E1-9D18-B20E5BACDDCE}.Release|x64.Build.0 = Release|x64
		{043F5F65-F2F2-47E1-9D18-B20E5BACDDCE}.Release|x86.ActiveCfg = Release|Win32
		{043F5F65-F2F2-47E1-9D18-B20E5BACDDCE}.Release|x86.Build.0 = Release|Win32
		{9A71476A-5A30-4FE9-B9A8-17EF488CF4A1}.Debug|x64.ActiveCfg = Debug|x64
		{9A71476A-5A30-4FE9-B9A8-17EF488CF4A1}.Debug|x64.Build.0 = Debug|x64
		{9A71476A-5A30-4FE9-B9A8-17EF488CF4A1}.Debug|x86.ActiveCfg = Debug|Win32
		{9A71476A-5A30-4FE9-B9A8-17EF488CF4A1}.Debug|x86.Build.0 = Debug|Win32
		{9A71476A-5A30-4FE9-B9A8-17EF488CF4A1}.Release|x64.ActiveCfg = Release|x64
		{9A71476A-5A30-4FE9-B9A8-17EF488CF4A1}.Release|x64.Build.0 = Release|x64
		{9A71476A-5A30-4FE9-B9A8-17EF488CF4A1}.Release|x86.ActiveCfg = Release|Win32
		{9A71476A-5A30-4FE9-B9A8-17EF488CF4A1}.Release|x86.Build.0 = Release|Win32
		{83B13122-A2DA-4017-8428-E5A568D2C25A}.Debug|x64.ActiveCfg = Debug|x64
		{83B13122-A2DA-4017-8428-E5A568D2C25A}.Debug|x64.Build.0 = Debug|x64
		{83B13122-A2DA-4017-8428-E5A568D2C25A}.Debug|x86.ActiveCfg = Debug|Win32
		{83B13122-A2DA-4017-8428-E5A568D2C25A}.Debug|x86.Build.0 = Debug|Win32
		{83B13122-A2DA-4017-8428-E5A568D2C25A}.Release|x64.ActiveCfg = Release|x64
		{83B13122-A2DA-4017-8428-E5A568D2C25A}.Release|x64.Build.0 = Release|x64
		{83B13122-A2DA-4017-8428-E5A568D2C25A}.Release|x86.ActiveCfg = Release|Win32
		{83B13122-A2DA-4017-8428-E5A568D2C25A}.Release|x86.Build.0 = Release|Win32
		{5B336957-5994-48B4-A8FD-C9482DAA5AE4}.Debug|x64.ActiveCfg = Debug|x64
		{5B336957-5994-48B4-A8FD-C9482DAA5AE4}.Debug|x64.Build.0 = Debug|x64
		{5B336957-5994-48B4-A8FD-C9482DAA5AE4}.Debug|x86.ActiveCfg = Debug|Win32
		{5B336957-5994-48B4-A8FD-C9482DAA5AE4}.Debug|x86.Build.0 = Debug|Win32
		{5B336957-5994-48B4-A8FD-C9482DAA5AE4}.Release|x64.ActiveCfg = Release|x64
		{5B336957-5994-48B4-A8FD-C9482DAA5AE4}.Release|x64.Build.0 = Release|x64
		{5B336957-5994-48B4-A8FD-C9482DAA5AE4}.Release|x86.ActiveCfg = Release|Win32
		{5B336957-5994-48B4-A8FD-C9482DAA5AE4}.Release|x86.Build.0 = Release|Win32
		{33AF8A45-5192-46F6-BE66-146936787A9F}.Debug|x64.ActiveCfg = Debug|x64
		{33AF8A45-5192-46F6-BE66-146936787A9F}.Debug|x64.Build.0 = Debug|x64
		{33AF8A45-5192-46F6-BE66-146936787A9F}.Debug|x86.ActiveCfg = Debug|Win32
		{33AF8A45-5192-46F6-BE66-146936787A9F}.Debug|x86.Build.0 = Debug|Win32
		{33AF8A45-5192-46F6-BE66-146936787A9F}.Release|x64.ActiveCfg = Release|x64
		{33AF8A45-5192-46F6-BE66-146936787A9F}.Release|x64.Build.0 = Release|x64
		{33AF8A45-5192-46F6-BE66-146936787A9F}.Release|x86.ActiveCfg = Release|Win32
		{33AF8A45-5192-46F6-BE66-146936787A9F}.Release|x86.Build.0 = Release|Win32
		{256AE197-462C-40DB-A265-C9E71CCC1B3B}.Debug|x64.ActiveCfg = Debug|x64
		{256AE197-462C-40DB-A265-C9E71CCC1B3B}.Debug|x64.Build.0 = Debug|x64
		{256AE197-462C-40DB-A265-C9E71CCC1B3B}.Debug|x86.ActiveCfg = Debug|Win32
		{256AE197-462C-40DB-A265-C9E71CCC1B3B}.Debug|x86.Build.0 = Debug|Win32
		{256AE197-462C-40DB-A265-C9E71CCC1B3B}.Release|x64.ActiveCfg = Release|x64
		{256AE197-462C-40DB-A265-C9E71CCC1B3B}.Release|x64.Build.0 = Release|x64
		{256AE197-462C-40DB-A265-C9E71CCC1B3B}.Release|x86.ActiveCfg = Release|Win32
		{256AE197-462C-40DB-A265-C9E71CCC1B3B}.Release|x86.Build.0 = Release|Win32
		{CA21A6EA-D19D-489B-AB2F-706AE1742C9B}.Debug|x64.ActiveCfg = Debug|x64
		{CA21A6EA-D19D-489B-AB2F-706AE1742C9B}.Debug|x64.Build.0 = Debug|x64
		{CA21A6EA-D19D-489B-AB2F-706AE1742C9B}.Debug|x86.ActiveCfg = Debug|Win32
		{CA21A6EA-D19D-489B-AB2F-706AE1742C9B}.Debug|x86.Build.0 = Debug|Win32
		{CA21A6EA-D19D-489B-AB2F-706AE1742C9B}.Release|x64.ActiveCfg = Release|x64
		{CA21A6EA-D19D-489B-AB2F-706AE1742C9B}.Release|x64.Build.0 = Release|x64
		{CA21A6EA-D19D-489B-AB2F-706AE1742C9B}.Release|x86.ActiveCfg = Release|Win32
		{CA21A6EA-D19D-489B-AB2F-706AE1742C9B}.Release|x86.Build.0 = Release|Win32
		{E28D2E60-9582-4884-881D-6CF31BF50CC3}.Debug|x64.ActiveCfg = Debug|x64
		{E28D2E60-9582-4884-881D-6CF31BF50CC3}.Debug|x64.Build.0 = Debug|x64
		{E28D2E60-9582-4884-881D-6CF31BF50CC3}.Debug|x86.ActiveCfg = Debug|Win32
		{E28D2E60-9582-4884-881D-6CF31BF50CC3}.Debug|x86.Build.0 = Debug|Win32
		{E28D2E60-9582-4884-881D-6CF31BF50CC3}.Release|x64.ActiveCfg = Release|x64
		{E28D2E60-9582-4884-881D-6CF31BF50CC3}.Release|x64.Build.0 = Release|x64
		{E28D2E60-9582-4884-881D-6CF31BF50CC3}.Release|x86.ActiveCfg = Release|Win32
		{E28D2E60-9582-4884-881D-6CF31BF50CC3}.Release|x86.Build.0 = Release|Win32
	EndGlobalSection
	GlobalSection(SolutionProperties) = preSolution
		HideSolutionNode = FALSE
	EndGlobalSection
	GlobalSection(ExtensibilityGlobals) = postSolution
		SolutionGuid = {5AF327BF-439F-4D3E-9119-02A8BA5EE0E1}
	EndGlobalSection
EndGlobal
